
Microsoft Visual Studio Solution File, Format Version 12.00
# Visual Studio Version 17
VisualStudioVersion = 17.13.35919.96
MinimumVisualStudioVersion = 10.0.40219.1
Project("{FAE04EC0-301F-11D3-BF4B-00C04F79EFBC}") = "SuiBot-V2-Console", "SuiBot-V2\SuiBot-V2-Console.csproj", "{6DA820A1-AEDD-40ED-94CA-42677772472B}"
EndProject
Project("{FAE04EC0-301F-11D3-BF4B-00C04F79EFBC}") = "SuiBot-Core", "SuiBot-Core\SuiBot-Core.csproj", "{68C846E5-FCB2-4993-804B-0773C2366D4B}"
EndProject
Project("{FAE04EC0-301F-11D3-BF4B-00C04F79EFBC}") = "SuiBot-V2-Windows", "SuiBot-V2-Windows\SuiBot-V2-Windows.csproj", "{85C8D8DB-5875-4456-BE92-8EC84EA85141}"
EndProject
Project("{FAE04EC0-301F-11D3-BF4B-00C04F79EFBC}") = "SpeedrunComSharp", "SpeedrunComSharp\SpeedrunComSharp\SpeedrunComSharp.csproj", "{924AAFFE-5B89-49E2-99AD-EC9373CC838D}"
EndProject
Project("{FAE04EC0-301F-11D3-BF4B-00C04F79EFBC}") = "SuiBot-TwitchSocket", "..\SuiBot-TwitchSocket\SuiBot-TwitchSocket.csproj", "{EEFD4D67-FA06-4A2A-804F-31851CB06A3E}"
EndProject
Global
	GlobalSection(SolutionConfigurationPlatforms) = preSolution
		Debug with API Calls|Any CPU = Debug with API Calls|Any CPU
		Debug_LocalAPI|Any CPU = Debug_LocalAPI|Any CPU
		Debug|Any CPU = Debug|Any CPU
		Release|Any CPU = Release|Any CPU
	EndGlobalSection
	GlobalSection(ProjectConfigurationPlatforms) = postSolution
		{6DA820A1-AEDD-40ED-94CA-42677772472B}.Debug with API Calls|Any CPU.ActiveCfg = Debug|Any CPU
		{6DA820A1-AEDD-40ED-94CA-42677772472B}.Debug with API Calls|Any CPU.Build.0 = Debug|Any CPU
		{6DA820A1-AEDD-40ED-94CA-42677772472B}.Debug_LocalAPI|Any CPU.ActiveCfg = Debug_LocalAPI|Any CPU
		{6DA820A1-AEDD-40ED-94CA-42677772472B}.Debug_LocalAPI|Any CPU.Build.0 = Debug_LocalAPI|Any CPU
		{6DA820A1-AEDD-40ED-94CA-42677772472B}.Debug|Any CPU.ActiveCfg = Debug|Any CPU
		{6DA820A1-AEDD-40ED-94CA-42677772472B}.Debug|Any CPU.Build.0 = Debug|Any CPU
		{6DA820A1-AEDD-40ED-94CA-42677772472B}.Release|Any CPU.ActiveCfg = Release|Any CPU
		{6DA820A1-AEDD-40ED-94CA-42677772472B}.Release|Any CPU.Build.0 = Release|Any CPU
		{68C846E5-FCB2-4993-804B-0773C2366D4B}.Debug with API Calls|Any CPU.ActiveCfg = Debug|Any CPU
		{68C846E5-FCB2-4993-804B-0773C2366D4B}.Debug with API Calls|Any CPU.Build.0 = Debug|Any CPU
		{68C846E5-FCB2-4993-804B-0773C2366D4B}.Debug_LocalAPI|Any CPU.ActiveCfg = Debug_LocalAPI|Any CPU
		{68C846E5-FCB2-4993-804B-0773C2366D4B}.Debug_LocalAPI|Any CPU.Build.0 = Debug_LocalAPI|Any CPU
		{68C846E5-FCB2-4993-804B-0773C2366D4B}.Debug|Any CPU.ActiveCfg = Debug|Any CPU
		{68C846E5-FCB2-4993-804B-0773C2366D4B}.Debug|Any CPU.Build.0 = Debug|Any CPU
		{68C846E5-FCB2-4993-804B-0773C2366D4B}.Release|Any CPU.ActiveCfg = Release|Any CPU
		{68C846E5-FCB2-4993-804B-0773C2366D4B}.Release|Any CPU.Build.0 = Release|Any CPU
		{85C8D8DB-5875-4456-BE92-8EC84EA85141}.Debug with API Calls|Any CPU.ActiveCfg = Debug|Any CPU
		{85C8D8DB-5875-4456-BE92-8EC84EA85141}.Debug with API Calls|Any CPU.Build.0 = Debug|Any CPU
		{85C8D8DB-5875-4456-BE92-8EC84EA85141}.Debug_LocalAPI|Any CPU.ActiveCfg = Debug_LocalAPI|Any CPU
		{85C8D8DB-5875-4456-BE92-8EC84EA85141}.Debug_LocalAPI|Any CPU.Build.0 = Debug_LocalAPI|Any CPU
		{85C8D8DB-5875-4456-BE92-8EC84EA85141}.Debug|Any CPU.ActiveCfg = Debug|Any CPU
		{85C8D8DB-5875-4456-BE92-8EC84EA85141}.Debug|Any CPU.Build.0 = Debug|Any CPU
		{85C8D8DB-5875-4456-BE92-8EC84EA85141}.Release|Any CPU.ActiveCfg = Release|Any CPU
		{85C8D8DB-5875-4456-BE92-8EC84EA85141}.Release|Any CPU.Build.0 = Release|Any CPU
		{924AAFFE-5B89-49E2-99AD-EC9373CC838D}.Debug with API Calls|Any CPU.ActiveCfg = Debug with API Calls|Any CPU
		{924AAFFE-5B89-49E2-99AD-EC9373CC838D}.Debug with API Calls|Any CPU.Build.0 = Debug with API Calls|Any CPU
		{924AAFFE-5B89-49E2-99AD-EC9373CC838D}.Debug_LocalAPI|Any CPU.ActiveCfg = Debug_LocalAPI|Any CPU
		{924AAFFE-5B89-49E2-99AD-EC9373CC838D}.Debug_LocalAPI|Any CPU.Build.0 = Debug_LocalAPI|Any CPU
		{924AAFFE-5B89-49E2-99AD-EC9373CC838D}.Debug|Any CPU.ActiveCfg = Debug|Any CPU
		{924AAFFE-5B89-49E2-99AD-EC9373CC838D}.Debug|Any CPU.Build.0 = Debug|Any CPU
		{924AAFFE-5B89-49E2-99AD-EC9373CC838D}.Release|Any CPU.ActiveCfg = Release|Any CPU
		{924AAFFE-5B89-49E2-99AD-EC9373CC838D}.Release|Any CPU.Build.0 = Release|Any CPU
		{EEFD4D67-FA06-4A2A-804F-31851CB06A3E}.Debug with API Calls|Any CPU.ActiveCfg = Debug|Any CPU
		{EEFD4D67-FA06-4A2A-804F-31851CB06A3E}.Debug with API Calls|Any CPU.Build.0 = Debug|Any CPU
		{EEFD4D67-FA06-4A2A-804F-31851CB06A3E}.Debug_LocalAPI|Any CPU.ActiveCfg = Debug|Any CPU
		{EEFD4D67-FA06-4A2A-804F-31851CB06A3E}.Debug_LocalAPI|Any CPU.Build.0 = Debug|Any CPU
		{EEFD4D67-FA06-4A2A-804F-31851CB06A3E}.Debug|Any CPU.ActiveCfg = Debug|Any CPU
		{EEFD4D67-FA06-4A2A-804F-31851CB06A3E}.Debug|Any CPU.Build.0 = Debug|Any CPU
		{EEFD4D67-FA06-4A2A-804F-31851CB06A3E}.Release|Any CPU.ActiveCfg = Release|Any CPU
		{EEFD4D67-FA06-4A2A-804F-31851CB06A3E}.Release|Any CPU.Build.0 = Release|Any CPU
	EndGlobalSection
	GlobalSection(SolutionProperties) = preSolution
		HideSolutionNode = FALSE
	EndGlobalSection
	GlobalSection(ExtensibilityGlobals) = postSolution
		SolutionGuid = {3CEA59D2-ACDD-4FC6-B281-247DB742B6D7}
	EndGlobalSection
EndGlobal
